// !$*UTF8*$!
{
	archiveVersion = 1;
	classes = {
	};
	objectVersion = 56;
	objects = {

/* Begin PBXBuildFile section */
		CE0285F52C3973AF00D1661C /* MapView.swift in Sources */ = {isa = PBXBuildFile; fileRef = CE0285F42C3973AF00D1661C /* MapView.swift */; };
		CE0285F82C39778A00D1661C /* CLLocationCoordinate2D+Extensions.swift in Sources */ = {isa = PBXBuildFile; fileRef = CE0285F72C39778A00D1661C /* CLLocationCoordinate2D+Extensions.swift */; };
		CE3D8E082C2AC8BF00650602 /* FetchPlans.swift in Sources */ = {isa = PBXBuildFile; fileRef = CE3D8E072C2AC8BF00650602 /* FetchPlans.swift */; };
		CE3D8E0A2C2AC8D100650602 /* Plans.swift in Sources */ = {isa = PBXBuildFile; fileRef = CE3D8E092C2AC8D100650602 /* Plans.swift */; };
		CE3D8E132C2D009700650602 /* ColorExtension.swift in Sources */ = {isa = PBXBuildFile; fileRef = CE3D8E122C2D009700650602 /* ColorExtension.swift */; };
		CE4BE8252C37B9FA00F9E7A8 /* Banner.swift in Sources */ = {isa = PBXBuildFile; fileRef = CE4BE8242C37B9FA00F9E7A8 /* Banner.swift */; };
		CE626E8A2C2A3E8000A1403C /* CustomDatePicker.swift in Sources */ = {isa = PBXBuildFile; fileRef = CE626E892C2A3E8000A1403C /* CustomDatePicker.swift */; };
		CE67922F2C37BF7A000F1B82 /* Banner.swift in Sources */ = {isa = PBXBuildFile; fileRef = CE67922E2C37BF7A000F1B82 /* Banner.swift */; };
		CE7384A72C2BF7FC00B08C01 /* FirebaseAnalytics in Frameworks */ = {isa = PBXBuildFile; productRef = CE7384A62C2BF7FC00B08C01 /* FirebaseAnalytics */; };
		CE7384A92C2BF81F00B08C01 /* FirebaseAnalyticsWithoutAdIdSupport in Frameworks */ = {isa = PBXBuildFile; productRef = CE7384A82C2BF81F00B08C01 /* FirebaseAnalyticsWithoutAdIdSupport */; };
		CE7384B42C2C053A00B08C01 /* FirebaseAuth in Frameworks */ = {isa = PBXBuildFile; productRef = CE7384B32C2C053A00B08C01 /* FirebaseAuth */; };
		CE7384B62C2C0F4100B08C01 /* FirebaseModel.swift in Sources */ = {isa = PBXBuildFile; fileRef = CE7384B52C2C0F4100B08C01 /* FirebaseModel.swift */; };
		CE7384B82C2C21BA00B08C01 /* SignIn.swift in Sources */ = {isa = PBXBuildFile; fileRef = CE7384B72C2C21BA00B08C01 /* SignIn.swift */; };
		CE7384BA2C2C221D00B08C01 /* SignUp.swift in Sources */ = {isa = PBXBuildFile; fileRef = CE7384B92C2C221D00B08C01 /* SignUp.swift */; };
		CE7384BC2C2C3D0900B08C01 /* Logout.swift in Sources */ = {isa = PBXBuildFile; fileRef = CE7384BB2C2C3D0900B08C01 /* Logout.swift */; };
		CE959B622C2FA5D900033F8E /* ProfileTypes.swift in Sources */ = {isa = PBXBuildFile; fileRef = CE959B612C2FA5D900033F8E /* ProfileTypes.swift */; };
		CE959B642C2FA5F700033F8E /* FetchProfile.swift in Sources */ = {isa = PBXBuildFile; fileRef = CE959B632C2FA5F700033F8E /* FetchProfile.swift */; };
		CE959B792C33DD1500033F8E /* MemberProfile.swift in Sources */ = {isa = PBXBuildFile; fileRef = CE959B782C33DD1500033F8E /* MemberProfile.swift */; };
		CE959B7C2C35099A00033F8E /* Tag.swift in Sources */ = {isa = PBXBuildFile; fileRef = CE959B7B2C35099A00033F8E /* Tag.swift */; };
		CE959B802C3625F300033F8E /* EditProfile.swift in Sources */ = {isa = PBXBuildFile; fileRef = CE959B7F2C3625F300033F8E /* EditProfile.swift */; };
		CE959B862C37B8C200033F8E /* GoogleService-Info.plist in Resources */ = {isa = PBXBuildFile; fileRef = CE959B852C37B8C100033F8E /* GoogleService-Info.plist */; };
		CEA158E22C2ABF9700F66FD0 /* GroupUsers.swift in Sources */ = {isa = PBXBuildFile; fileRef = CEA158E12C2ABF9700F66FD0 /* GroupUsers.swift */; };
		CEA158E42C2B0FE200F66FD0 /* FetchUsers.swift in Sources */ = {isa = PBXBuildFile; fileRef = CEA158E32C2B0FE200F66FD0 /* FetchUsers.swift */; };
		CEA158E62C2B100700F66FD0 /* Users.swift in Sources */ = {isa = PBXBuildFile; fileRef = CEA158E52C2B100700F66FD0 /* Users.swift */; };
		CEB2F0FC2C2984440090760D /* FinalProjectApp.swift in Sources */ = {isa = PBXBuildFile; fileRef = CEB2F0FB2C2984440090760D /* FinalProjectApp.swift */; };
		CEB2F0FE2C2984440090760D /* ContentView.swift in Sources */ = {isa = PBXBuildFile; fileRef = CEB2F0FD2C2984440090760D /* ContentView.swift */; };
		CEB2F1002C2984450090760D /* Assets.xcassets in Resources */ = {isa = PBXBuildFile; fileRef = CEB2F0FF2C2984450090760D /* Assets.xcassets */; };
		CEB2F1032C2984450090760D /* Preview Assets.xcassets in Resources */ = {isa = PBXBuildFile; fileRef = CEB2F1022C2984450090760D /* Preview Assets.xcassets */; };
		CEB2F10C2C2989330090760D /* Home.swift in Sources */ = {isa = PBXBuildFile; fileRef = CEB2F10B2C2989330090760D /* Home.swift */; };
		CEB2F10E2C2989C30090760D /* Profile.swift in Sources */ = {isa = PBXBuildFile; fileRef = CEB2F10D2C2989C30090760D /* Profile.swift */; };
		CEB2F1102C298AF20090760D /* Ainori.swift in Sources */ = {isa = PBXBuildFile; fileRef = CEB2F10F2C298AF20090760D /* Ainori.swift */; };
		CEE438452C2D2B0300269D56 /* CreateProfile.swift in Sources */ = {isa = PBXBuildFile; fileRef = CEE438442C2D2B0300269D56 /* CreateProfile.swift */; };
		CEE438852C32934700269D56 /* FirebaseStorage in Frameworks */ = {isa = PBXBuildFile; productRef = CEE438842C32934700269D56 /* FirebaseStorage */; };
		CEE438872C32D86D00269D56 /* FirebaseFirestore in Frameworks */ = {isa = PBXBuildFile; productRef = CEE438862C32D86D00269D56 /* FirebaseFirestore */; };
		CEE438962C342E5C00269D56 /* AinoriTypes.swift in Sources */ = {isa = PBXBuildFile; fileRef = CEE438952C342E5C00269D56 /* AinoriTypes.swift */; };
		CEE438992C363FA400269D56 /* Configuration.swift in Sources */ = {isa = PBXBuildFile; fileRef = CEE438982C363FA400269D56 /* Configuration.swift */; };
/* End PBXBuildFile section */

/* Begin PBXFileReference section */
		CE0285F42C3973AF00D1661C /* MapView.swift */ = {isa = PBXFileReference; lastKnownFileType = sourcecode.swift; path = MapView.swift; sourceTree = "<group>"; };
		CE0285F72C39778A00D1661C /* CLLocationCoordinate2D+Extensions.swift */ = {isa = PBXFileReference; lastKnownFileType = sourcecode.swift; path = "CLLocationCoordinate2D+Extensions.swift"; sourceTree = "<group>"; };
		CE3D8E072C2AC8BF00650602 /* FetchPlans.swift */ = {isa = PBXFileReference; lastKnownFileType = sourcecode.swift; path = FetchPlans.swift; sourceTree = "<group>"; };
		CE3D8E092C2AC8D100650602 /* Plans.swift */ = {isa = PBXFileReference; lastKnownFileType = sourcecode.swift; path = Plans.swift; sourceTree = "<group>"; };
		CE3D8E122C2D009700650602 /* ColorExtension.swift */ = {isa = PBXFileReference; lastKnownFileType = sourcecode.swift; path = ColorExtension.swift; sourceTree = "<group>"; };
		CE4BE8242C37B9FA00F9E7A8 /* Banner.swift */ = {isa = PBXFileReference; fileEncoding = 4; lastKnownFileType = sourcecode.swift; path = Banner.swift; sourceTree = "<group>"; };
		CE626E892C2A3E8000A1403C /* CustomDatePicker.swift */ = {isa = PBXFileReference; lastKnownFileType = sourcecode.swift; path = CustomDatePicker.swift; sourceTree = "<group>"; };
		CE67922E2C37BF7A000F1B82 /* Banner.swift */ = {isa = PBXFileReference; fileEncoding = 4; lastKnownFileType = sourcecode.swift; path = Banner.swift; sourceTree = "<group>"; };
		CE7384B52C2C0F4100B08C01 /* FirebaseModel.swift */ = {isa = PBXFileReference; lastKnownFileType = sourcecode.swift; path = FirebaseModel.swift; sourceTree = "<group>"; };
		CE7384B72C2C21BA00B08C01 /* SignIn.swift */ = {isa = PBXFileReference; lastKnownFileType = sourcecode.swift; path = SignIn.swift; sourceTree = "<group>"; };
		CE7384B92C2C221D00B08C01 /* SignUp.swift */ = {isa = PBXFileReference; lastKnownFileType = sourcecode.swift; path = SignUp.swift; sourceTree = "<group>"; };
		CE7384BB2C2C3D0900B08C01 /* Logout.swift */ = {isa = PBXFileReference; lastKnownFileType = sourcecode.swift; path = Logout.swift; sourceTree = "<group>"; };
		CE959B612C2FA5D900033F8E /* ProfileTypes.swift */ = {isa = PBXFileReference; lastKnownFileType = sourcecode.swift; path = ProfileTypes.swift; sourceTree = "<group>"; };
		CE959B632C2FA5F700033F8E /* FetchProfile.swift */ = {isa = PBXFileReference; lastKnownFileType = sourcecode.swift; path = FetchProfile.swift; sourceTree = "<group>"; };
		CE959B782C33DD1500033F8E /* MemberProfile.swift */ = {isa = PBXFileReference; lastKnownFileType = sourcecode.swift; path = MemberProfile.swift; sourceTree = "<group>"; };
		CE959B7B2C35099A00033F8E /* Tag.swift */ = {isa = PBXFileReference; lastKnownFileType = sourcecode.swift; path = Tag.swift; sourceTree = "<group>"; };
		CE959B7F2C3625F300033F8E /* EditProfile.swift */ = {isa = PBXFileReference; lastKnownFileType = sourcecode.swift; path = EditProfile.swift; sourceTree = "<group>"; };
		CE959B852C37B8C100033F8E /* GoogleService-Info.plist */ = {isa = PBXFileReference; fileEncoding = 4; lastKnownFileType = text.plist.xml; name = "GoogleService-Info.plist"; path = "../../../Downloads/GoogleService-Info.plist"; sourceTree = "<group>"; };
		CEA158E12C2ABF9700F66FD0 /* GroupUsers.swift */ = {isa = PBXFileReference; lastKnownFileType = sourcecode.swift; path = GroupUsers.swift; sourceTree = "<group>"; };
		CEA158E32C2B0FE200F66FD0 /* FetchUsers.swift */ = {isa = PBXFileReference; lastKnownFileType = sourcecode.swift; path = FetchUsers.swift; sourceTree = "<group>"; };
		CEA158E52C2B100700F66FD0 /* Users.swift */ = {isa = PBXFileReference; lastKnownFileType = sourcecode.swift; path = Users.swift; sourceTree = "<group>"; };
		CEB2F0F82C2984440090760D /* FinalProject.app */ = {isa = PBXFileReference; explicitFileType = wrapper.application; includeInIndex = 0; path = FinalProject.app; sourceTree = BUILT_PRODUCTS_DIR; };
		CEB2F0FB2C2984440090760D /* FinalProjectApp.swift */ = {isa = PBXFileReference; lastKnownFileType = sourcecode.swift; path = FinalProjectApp.swift; sourceTree = "<group>"; };
		CEB2F0FD2C2984440090760D /* ContentView.swift */ = {isa = PBXFileReference; lastKnownFileType = sourcecode.swift; path = ContentView.swift; sourceTree = "<group>"; };
		CEB2F0FF2C2984450090760D /* Assets.xcassets */ = {isa = PBXFileReference; lastKnownFileType = folder.assetcatalog; path = Assets.xcassets; sourceTree = "<group>"; };
		CEB2F1022C2984450090760D /* Preview Assets.xcassets */ = {isa = PBXFileReference; lastKnownFileType = folder.assetcatalog; path = "Preview Assets.xcassets"; sourceTree = "<group>"; };
		CEB2F10B2C2989330090760D /* Home.swift */ = {isa = PBXFileReference; lastKnownFileType = sourcecode.swift; path = Home.swift; sourceTree = "<group>"; };
		CEB2F10D2C2989C30090760D /* Profile.swift */ = {isa = PBXFileReference; lastKnownFileType = sourcecode.swift; path = Profile.swift; sourceTree = "<group>"; };
		CEB2F10F2C298AF20090760D /* Ainori.swift */ = {isa = PBXFileReference; lastKnownFileType = sourcecode.swift; path = Ainori.swift; sourceTree = "<group>"; };
		CEE438442C2D2B0300269D56 /* CreateProfile.swift */ = {isa = PBXFileReference; lastKnownFileType = sourcecode.swift; path = CreateProfile.swift; sourceTree = "<group>"; };
		CEE438952C342E5C00269D56 /* AinoriTypes.swift */ = {isa = PBXFileReference; lastKnownFileType = sourcecode.swift; path = AinoriTypes.swift; sourceTree = "<group>"; };
		CEE438972C363ECA00269D56 /* Info.plist */ = {isa = PBXFileReference; lastKnownFileType = text.plist; path = Info.plist; sourceTree = "<group>"; };
		CEE438982C363FA400269D56 /* Configuration.swift */ = {isa = PBXFileReference; lastKnownFileType = sourcecode.swift; path = Configuration.swift; sourceTree = "<group>"; };
/* End PBXFileReference section */

/* Begin PBXFrameworksBuildPhase section */
		CEB2F0F52C2984440090760D /* Frameworks */ = {
			isa = PBXFrameworksBuildPhase;
			buildActionMask = 2147483647;
			files = (
				CE7384A72C2BF7FC00B08C01 /* FirebaseAnalytics in Frameworks */,
				CEE438852C32934700269D56 /* FirebaseStorage in Frameworks */,
				CE7384B42C2C053A00B08C01 /* FirebaseAuth in Frameworks */,
				CEE438872C32D86D00269D56 /* FirebaseFirestore in Frameworks */,
				CE7384A92C2BF81F00B08C01 /* FirebaseAnalyticsWithoutAdIdSupport in Frameworks */,
			);
			runOnlyForDeploymentPostprocessing = 0;
		};
/* End PBXFrameworksBuildPhase section */

/* Begin PBXGroup section */
		CE0285FF2C3B719A00D1661C /* MapWindow */ = {
			isa = PBXGroup;
			children = (
				CE0285F42C3973AF00D1661C /* MapView.swift */,
				CE0285F72C39778A00D1661C /* CLLocationCoordinate2D+Extensions.swift */,
			);
			path = MapWindow;
			sourceTree = "<group>";
		};
		CE626E932C2AA26900A1403C /* AinoriWindow */ = {
			isa = PBXGroup;
			children = (
				CE626E892C2A3E8000A1403C /* CustomDatePicker.swift */,
				CEB2F10F2C298AF20090760D /* Ainori.swift */,
				CEE438952C342E5C00269D56 /* AinoriTypes.swift */,
			);
			path = AinoriWindow;
			sourceTree = "<group>";
		};
		CE626E942C2AA28C00A1403C /* ProfileWindow */ = {
			isa = PBXGroup;
			children = (
				CEB2F10D2C2989C30090760D /* Profile.swift */,
				CE959B612C2FA5D900033F8E /* ProfileTypes.swift */,
				CE959B7F2C3625F300033F8E /* EditProfile.swift */,
				CE959B632C2FA5F700033F8E /* FetchProfile.swift */,
			);
			path = ProfileWindow;
			sourceTree = "<group>";
		};
		CE626E962C2AA2B200A1403C /* HomeWindow */ = {
			isa = PBXGroup;
			children = (
				CEB2F10B2C2989330090760D /* Home.swift */,
				CE3D8E072C2AC8BF00650602 /* FetchPlans.swift */,
				CE3D8E092C2AC8D100650602 /* Plans.swift */,
			);
			path = HomeWindow;
			sourceTree = "<group>";
		};
		CE7384A52C2BF7FC00B08C01 /* Frameworks */ = {
			isa = PBXGroup;
			children = (
			);
			name = Frameworks;
			sourceTree = "<group>";
		};
		CE7384AF2C2BFA1E00B08C01 /* FireBaseWindow */ = {
			isa = PBXGroup;
			children = (
				CE67922E2C37BF7A000F1B82 /* Banner.swift */,
				CE7384B52C2C0F4100B08C01 /* FirebaseModel.swift */,
				CE7384B72C2C21BA00B08C01 /* SignIn.swift */,
				CE7384B92C2C221D00B08C01 /* SignUp.swift */,
				CE7384BB2C2C3D0900B08C01 /* Logout.swift */,
			);
			path = FireBaseWindow;
			sourceTree = "<group>";
		};
		CE959B7A2C35097F00033F8E /* Tag */ = {
			isa = PBXGroup;
			children = (
				CE959B7B2C35099A00033F8E /* Tag.swift */,
			);
			path = Tag;
			sourceTree = "<group>";
		};
		CEA158E02C2ABF6F00F66FD0 /* GroupUsersWindow */ = {
			isa = PBXGroup;
			children = (
				CE959B7A2C35097F00033F8E /* Tag */,
				CEA158E12C2ABF9700F66FD0 /* GroupUsers.swift */,
				CEA158E52C2B100700F66FD0 /* Users.swift */,
				CEA158E32C2B0FE200F66FD0 /* FetchUsers.swift */,
				CE959B782C33DD1500033F8E /* MemberProfile.swift */,
			);
			path = GroupUsersWindow;
			sourceTree = "<group>";
		};
		CEB2F0EF2C2984440090760D = {
			isa = PBXGroup;
			children = (
				CE959B852C37B8C100033F8E /* GoogleService-Info.plist */,
				CEB2F0FA2C2984440090760D /* FinalProject */,
				CEB2F0F92C2984440090760D /* Products */,
				CE7384A52C2BF7FC00B08C01 /* Frameworks */,
			);
			sourceTree = "<group>";
		};
		CEB2F0F92C2984440090760D /* Products */ = {
			isa = PBXGroup;
			children = (
				CEB2F0F82C2984440090760D /* FinalProject.app */,
			);
			name = Products;
			sourceTree = "<group>";
		};
		CEB2F0FA2C2984440090760D /* FinalProject */ = {
			isa = PBXGroup;
			children = (
				CE0285FF2C3B719A00D1661C /* MapWindow */,
				CEE438972C363ECA00269D56 /* Info.plist */,
				CE7384AF2C2BFA1E00B08C01 /* FireBaseWindow */,
				CEB2F0FB2C2984440090760D /* FinalProjectApp.swift */,
				CEE438442C2D2B0300269D56 /* CreateProfile.swift */,
				CEB2F0FD2C2984440090760D /* ContentView.swift */,
				CEA158E02C2ABF6F00F66FD0 /* GroupUsersWindow */,
				CE626E962C2AA2B200A1403C /* HomeWindow */,
				CE626E942C2AA28C00A1403C /* ProfileWindow */,
				CE626E932C2AA26900A1403C /* AinoriWindow */,
				CEB2F0FF2C2984450090760D /* Assets.xcassets */,
				CEB2F1012C2984450090760D /* Preview Content */,
				CE3D8E122C2D009700650602 /* ColorExtension.swift */,
				CEE438982C363FA400269D56 /* Configuration.swift */,
			);
			path = FinalProject;
			sourceTree = "<group>";
		};
		CEB2F1012C2984450090760D /* Preview Content */ = {
			isa = PBXGroup;
			children = (
				CEB2F1022C2984450090760D /* Preview Assets.xcassets */,
			);
			path = "Preview Content";
			sourceTree = "<group>";
		};
		CEE438812C32772000269D56 /* otamesi */ = {
			isa = PBXGroup;
			children = (
				CEE438822C32773200269D56 /* otamesi.swift */,
				CEE438882C32E96900269D56 /* otamesi2.swift */,
			);
			path = otamesi;
			sourceTree = "<group>";
		};
/* End PBXGroup section */

/* Begin PBXNativeTarget section */
		CEB2F0F72C2984440090760D /* FinalProject */ = {
			isa = PBXNativeTarget;
			buildConfigurationList = CEB2F1062C2984450090760D /* Build configuration list for PBXNativeTarget "FinalProject" */;
			buildPhases = (
				CEB2F0F42C2984440090760D /* Sources */,
				CEB2F0F52C2984440090760D /* Frameworks */,
				CEB2F0F62C2984440090760D /* Resources */,
			);
			buildRules = (
			);
			dependencies = (
			);
			name = FinalProject;
			packageProductDependencies = (
				CE7384A62C2BF7FC00B08C01 /* FirebaseAnalytics */,
				CE7384A82C2BF81F00B08C01 /* FirebaseAnalyticsWithoutAdIdSupport */,
				CE7384B32C2C053A00B08C01 /* FirebaseAuth */,
				CEE438842C32934700269D56 /* FirebaseStorage */,
				CEE438862C32D86D00269D56 /* FirebaseFirestore */,
			);
			productName = FinalProject;
			productReference = CEB2F0F82C2984440090760D /* FinalProject.app */;
			productType = "com.apple.product-type.application";
		};
/* End PBXNativeTarget section */

/* Begin PBXProject section */
		CEB2F0F02C2984440090760D /* Project object */ = {
			isa = PBXProject;
			attributes = {
				BuildIndependentTargetsInParallel = 1;
				LastSwiftUpdateCheck = 1540;
				LastUpgradeCheck = 1540;
				TargetAttributes = {
					CEB2F0F72C2984440090760D = {
						CreatedOnToolsVersion = 15.4;
					};
				};
			};
			buildConfigurationList = CEB2F0F32C2984440090760D /* Build configuration list for PBXProject "FinalProject" */;
			compatibilityVersion = "Xcode 14.0";
			developmentRegion = en;
			hasScannedForEncodings = 0;
			knownRegions = (
				en,
				Base,
			);
			mainGroup = CEB2F0EF2C2984440090760D;
			packageReferences = (
				CE7384A02C2BF3D400B08C01 /* XCRemoteSwiftPackageReference "firebase-ios-sdk" */,
			);
			productRefGroup = CEB2F0F92C2984440090760D /* Products */;
			projectDirPath = "";
			projectRoot = "";
			targets = (
				CEB2F0F72C2984440090760D /* FinalProject */,
			);
		};
/* End PBXProject section */

/* Begin PBXResourcesBuildPhase section */
		CEB2F0F62C2984440090760D /* Resources */ = {
			isa = PBXResourcesBuildPhase;
			buildActionMask = 2147483647;
			files = (
				CEB2F1032C2984450090760D /* Preview Assets.xcassets in Resources */,
				CE959B862C37B8C200033F8E /* GoogleService-Info.plist in Resources */,
				CEB2F1002C2984450090760D /* Assets.xcassets in Resources */,
			);
			runOnlyForDeploymentPostprocessing = 0;
		};
/* End PBXResourcesBuildPhase section */

/* Begin PBXSourcesBuildPhase section */
		CEB2F0F42C2984440090760D /* Sources */ = {
			isa = PBXSourcesBuildPhase;
			buildActionMask = 2147483647;
			files = (
				CE959B7C2C35099A00033F8E /* Tag.swift in Sources */,
				CEB2F1102C298AF20090760D /* Ainori.swift in Sources */,
				CEE438962C342E5C00269D56 /* AinoriTypes.swift in Sources */,
				CE7384B82C2C21BA00B08C01 /* SignIn.swift in Sources */,
				CEE438452C2D2B0300269D56 /* CreateProfile.swift in Sources */,
				CEB2F10E2C2989C30090760D /* Profile.swift in Sources */,
				CE0285F82C39778A00D1661C /* CLLocationCoordinate2D+Extensions.swift in Sources */,
				CEA158E22C2ABF9700F66FD0 /* GroupUsers.swift in Sources */,
				CE3D8E082C2AC8BF00650602 /* FetchPlans.swift in Sources */,
				CE0285F52C3973AF00D1661C /* MapView.swift in Sources */,
				CE3D8E132C2D009700650602 /* ColorExtension.swift in Sources */,
				CE959B642C2FA5F700033F8E /* FetchProfile.swift in Sources */,
				CE3D8E0A2C2AC8D100650602 /* Plans.swift in Sources */,
				CEB2F0FE2C2984440090760D /* ContentView.swift in Sources */,
				CE7384BA2C2C221D00B08C01 /* SignUp.swift in Sources */,
				CEB2F10C2C2989330090760D /* Home.swift in Sources */,
				CEA158E42C2B0FE200F66FD0 /* FetchUsers.swift in Sources */,
				CE626E8A2C2A3E8000A1403C /* CustomDatePicker.swift in Sources */,
				CEB2F0FC2C2984440090760D /* FinalProjectApp.swift in Sources */,
				CEE438992C363FA400269D56 /* Configuration.swift in Sources */,
				CE67922F2C37BF7A000F1B82 /* Banner.swift in Sources */,
				CEA158E62C2B100700F66FD0 /* Users.swift in Sources */,
				CE7384BC2C2C3D0900B08C01 /* Logout.swift in Sources */,
				CE959B792C33DD1500033F8E /* MemberProfile.swift in Sources */,
				CE959B802C3625F300033F8E /* EditProfile.swift in Sources */,
				CE7384B62C2C0F4100B08C01 /* FirebaseModel.swift in Sources */,
				CE959B622C2FA5D900033F8E /* ProfileTypes.swift in Sources */,
			);
			runOnlyForDeploymentPostprocessing = 0;
		};
/* End PBXSourcesBuildPhase section */

/* Begin XCBuildConfiguration section */
		CEB2F1042C2984450090760D /* Debug */ = {
			isa = XCBuildConfiguration;
			buildSettings = {
				ALWAYS_SEARCH_USER_PATHS = NO;
				ASSETCATALOG_COMPILER_GENERATE_SWIFT_ASSET_SYMBOL_EXTENSIONS = YES;
				CLANG_ANALYZER_NONNULL = YES;
				CLANG_ANALYZER_NUMBER_OBJECT_CONVERSION = YES_AGGRESSIVE;
				CLANG_CXX_LANGUAGE_STANDARD = "gnu++20";
				CLANG_ENABLE_MODULES = YES;
				CLANG_ENABLE_OBJC_ARC = YES;
				CLANG_ENABLE_OBJC_WEAK = YES;
				CLANG_WARN_BLOCK_CAPTURE_AUTORELEASING = YES;
				CLANG_WARN_BOOL_CONVERSION = YES;
				CLANG_WARN_COMMA = YES;
				CLANG_WARN_CONSTANT_CONVERSION = YES;
				CLANG_WARN_DEPRECATED_OBJC_IMPLEMENTATIONS = YES;
				CLANG_WARN_DIRECT_OBJC_ISA_USAGE = YES_ERROR;
				CLANG_WARN_DOCUMENTATION_COMMENTS = YES;
				CLANG_WARN_EMPTY_BODY = YES;
				CLANG_WARN_ENUM_CONVERSION = YES;
				CLANG_WARN_INFINITE_RECURSION = YES;
				CLANG_WARN_INT_CONVERSION = YES;
				CLANG_WARN_NON_LITERAL_NULL_CONVERSION = YES;
				CLANG_WARN_OBJC_IMPLICIT_RETAIN_SELF = YES;
				CLANG_WARN_OBJC_LITERAL_CONVERSION = YES;
				CLANG_WARN_OBJC_ROOT_CLASS = YES_ERROR;
				CLANG_WARN_QUOTED_INCLUDE_IN_FRAMEWORK_HEADER = YES;
				CLANG_WARN_RANGE_LOOP_ANALYSIS = YES;
				CLANG_WARN_STRICT_PROTOTYPES = YES;
				CLANG_WARN_SUSPICIOUS_MOVE = YES;
				CLANG_WARN_UNGUARDED_AVAILABILITY = YES_AGGRESSIVE;
				CLANG_WARN_UNREACHABLE_CODE = YES;
				CLANG_WARN__DUPLICATE_METHOD_MATCH = YES;
				COPY_PHASE_STRIP = NO;
				DEBUG_INFORMATION_FORMAT = dwarf;
				ENABLE_STRICT_OBJC_MSGSEND = YES;
				ENABLE_TESTABILITY = YES;
				ENABLE_USER_SCRIPT_SANDBOXING = YES;
				GCC_C_LANGUAGE_STANDARD = gnu17;
				GCC_DYNAMIC_NO_PIC = NO;
				GCC_NO_COMMON_BLOCKS = YES;
				GCC_OPTIMIZATION_LEVEL = 0;
				GCC_PREPROCESSOR_DEFINITIONS = (
					"DEBUG=1",
					"$(inherited)",
				);
				GCC_WARN_64_TO_32_BIT_CONVERSION = YES;
				GCC_WARN_ABOUT_RETURN_TYPE = YES_ERROR;
				GCC_WARN_UNDECLARED_SELECTOR = YES;
				GCC_WARN_UNINITIALIZED_AUTOS = YES_AGGRESSIVE;
				GCC_WARN_UNUSED_FUNCTION = YES;
				GCC_WARN_UNUSED_VARIABLE = YES;
				IPHONEOS_DEPLOYMENT_TARGET = 17.5;
				LOCALIZATION_PREFERS_STRING_CATALOGS = YES;
				MTL_ENABLE_DEBUG_INFO = INCLUDE_SOURCE;
				MTL_FAST_MATH = YES;
				ONLY_ACTIVE_ARCH = YES;
				SDKROOT = iphoneos;
				SWIFT_ACTIVE_COMPILATION_CONDITIONS = "DEBUG $(inherited)";
				SWIFT_OPTIMIZATION_LEVEL = "-Onone";
			};
			name = Debug;
		};
		CEB2F1052C2984450090760D /* Release */ = {
			isa = XCBuildConfiguration;
			buildSettings = {
				ALWAYS_SEARCH_USER_PATHS = NO;
				ASSETCATALOG_COMPILER_GENERATE_SWIFT_ASSET_SYMBOL_EXTENSIONS = YES;
				CLANG_ANALYZER_NONNULL = YES;
				CLANG_ANALYZER_NUMBER_OBJECT_CONVERSION = YES_AGGRESSIVE;
				CLANG_CXX_LANGUAGE_STANDARD = "gnu++20";
				CLANG_ENABLE_MODULES = YES;
				CLANG_ENABLE_OBJC_ARC = YES;
				CLANG_ENABLE_OBJC_WEAK = YES;
				CLANG_WARN_BLOCK_CAPTURE_AUTORELEASING = YES;
				CLANG_WARN_BOOL_CONVERSION = YES;
				CLANG_WARN_COMMA = YES;
				CLANG_WARN_CONSTANT_CONVERSION = YES;
				CLANG_WARN_DEPRECATED_OBJC_IMPLEMENTATIONS = YES;
				CLANG_WARN_DIRECT_OBJC_ISA_USAGE = YES_ERROR;
				CLANG_WARN_DOCUMENTATION_COMMENTS = YES;
				CLANG_WARN_EMPTY_BODY = YES;
				CLANG_WARN_ENUM_CONVERSION = YES;
				CLANG_WARN_INFINITE_RECURSION = YES;
				CLANG_WARN_INT_CONVERSION = YES;
				CLANG_WARN_NON_LITERAL_NULL_CONVERSION = YES;
				CLANG_WARN_OBJC_IMPLICIT_RETAIN_SELF = YES;
				CLANG_WARN_OBJC_LITERAL_CONVERSION = YES;
				CLANG_WARN_OBJC_ROOT_CLASS = YES_ERROR;
				CLANG_WARN_QUOTED_INCLUDE_IN_FRAMEWORK_HEADER = YES;
				CLANG_WARN_RANGE_LOOP_ANALYSIS = YES;
				CLANG_WARN_STRICT_PROTOTYPES = YES;
				CLANG_WARN_SUSPICIOUS_MOVE = YES;
				CLANG_WARN_UNGUARDED_AVAILABILITY = YES_AGGRESSIVE;
				CLANG_WARN_UNREACHABLE_CODE = YES;
				CLANG_WARN__DUPLICATE_METHOD_MATCH = YES;
				COPY_PHASE_STRIP = NO;
				DEBUG_INFORMATION_FORMAT = "dwarf-with-dsym";
				ENABLE_NS_ASSERTIONS = NO;
				ENABLE_STRICT_OBJC_MSGSEND = YES;
				ENABLE_USER_SCRIPT_SANDBOXING = YES;
				GCC_C_LANGUAGE_STANDARD = gnu17;
				GCC_NO_COMMON_BLOCKS = YES;
				GCC_WARN_64_TO_32_BIT_CONVERSION = YES;
				GCC_WARN_ABOUT_RETURN_TYPE = YES_ERROR;
				GCC_WARN_UNDECLARED_SELECTOR = YES;
				GCC_WARN_UNINITIALIZED_AUTOS = YES_AGGRESSIVE;
				GCC_WARN_UNUSED_FUNCTION = YES;
				GCC_WARN_UNUSED_VARIABLE = YES;
				IPHONEOS_DEPLOYMENT_TARGET = 17.5;
				LOCALIZATION_PREFERS_STRING_CATALOGS = YES;
				MTL_ENABLE_DEBUG_INFO = NO;
				MTL_FAST_MATH = YES;
				SDKROOT = iphoneos;
				SWIFT_COMPILATION_MODE = wholemodule;
				VALIDATE_PRODUCT = YES;
			};
			name = Release;
		};
		CEB2F1072C2984450090760D /* Debug */ = {
			isa = XCBuildConfiguration;
			buildSettings = {
				ASSETCATALOG_COMPILER_APPICON_NAME = AppIcon;
				ASSETCATALOG_COMPILER_GLOBAL_ACCENT_COLOR_NAME = AccentColor;
				CODE_SIGN_STYLE = Automatic;
				CURRENT_PROJECT_VERSION = 1;
				DEVELOPMENT_ASSET_PATHS = "\"FinalProject/Preview Content\"";
				DEVELOPMENT_TEAM = N5GUZ9FQG5;
				ENABLE_PREVIEWS = YES;
				GENERATE_INFOPLIST_FILE = YES;
				INFOPLIST_FILE = FinalProject/Info.plist;
				INFOPLIST_KEY_UIApplicationSceneManifest_Generation = YES;
				INFOPLIST_KEY_UIApplicationSupportsIndirectInputEvents = YES;
				INFOPLIST_KEY_UILaunchScreen_Generation = YES;
				INFOPLIST_KEY_UISupportedInterfaceOrientations_iPad = "UIInterfaceOrientationPortrait UIInterfaceOrientationPortraitUpsideDown UIInterfaceOrientationLandscapeLeft UIInterfaceOrientationLandscapeRight";
				INFOPLIST_KEY_UISupportedInterfaceOrientations_iPhone = "UIInterfaceOrientationPortrait UIInterfaceOrientationLandscapeLeft UIInterfaceOrientationLandscapeRight";
				LD_RUNPATH_SEARCH_PATHS = (
					"$(inherited)",
					"@executable_path/Frameworks",
				);
				MARKETING_VERSION = 1.0;
				PRODUCT_BUNDLE_IDENTIFIER = "BTC6.FinalProject-debug";
				PRODUCT_NAME = "$(TARGET_NAME)";
				SE_API_URL = "";
				"SE_API_URL[sdk=*]" = "http://localhost:3000";
				SE_BUNDLE_DISPLAY_NAME = "";
				"SE_BUNDLE_DISPLAY_NAME[arch=*]" = Debug;
				SWIFT_EMIT_LOC_STRINGS = YES;
				SWIFT_VERSION = 5.0;
				TARGETED_DEVICE_FAMILY = "1,2";
			};
			name = Debug;
		};
		CEB2F1082C2984450090760D /* Release */ = {
			isa = XCBuildConfiguration;
			buildSettings = {
				ASSETCATALOG_COMPILER_APPICON_NAME = AppIcon;
				ASSETCATALOG_COMPILER_GLOBAL_ACCENT_COLOR_NAME = AccentColor;
				CODE_SIGN_STYLE = Automatic;
				CURRENT_PROJECT_VERSION = 1;
				DEVELOPMENT_ASSET_PATHS = "\"FinalProject/Preview Content\"";
				DEVELOPMENT_TEAM = N5GUZ9FQG5;
				ENABLE_PREVIEWS = YES;
				GENERATE_INFOPLIST_FILE = YES;
				INFOPLIST_FILE = FinalProject/Info.plist;
				INFOPLIST_KEY_UIApplicationSceneManifest_Generation = YES;
				INFOPLIST_KEY_UIApplicationSupportsIndirectInputEvents = YES;
				INFOPLIST_KEY_UILaunchScreen_Generation = YES;
				INFOPLIST_KEY_UISupportedInterfaceOrientations_iPad = "UIInterfaceOrientationPortrait UIInterfaceOrientationPortraitUpsideDown UIInterfaceOrientationLandscapeLeft UIInterfaceOrientationLandscapeRight";
				INFOPLIST_KEY_UISupportedInterfaceOrientations_iPhone = "UIInterfaceOrientationPortrait UIInterfaceOrientationLandscapeLeft UIInterfaceOrientationLandscapeRight";
				LD_RUNPATH_SEARCH_PATHS = (
					"$(inherited)",
					"@executable_path/Frameworks",
				);
				MARKETING_VERSION = 1.0;
				PRODUCT_BUNDLE_IDENTIFIER = BTC6.FinalProject;
				PRODUCT_NAME = "$(TARGET_NAME)";
				SE_API_URL = "";
				"SE_API_URL[arch=*]" = "https://megry-app-88b135b9cdab.herokuapp.com";
				SE_BUNDLE_DISPLAY_NAME = "";
				"SE_BUNDLE_DISPLAY_NAME[arch=*]" = Release;
				SWIFT_EMIT_LOC_STRINGS = YES;
				SWIFT_VERSION = 5.0;
				TARGETED_DEVICE_FAMILY = "1,2";
			};
			name = Release;
		};
/* End XCBuildConfiguration section */

/* Begin XCConfigurationList section */
		CEB2F0F32C2984440090760D /* Build configuration list for PBXProject "FinalProject" */ = {
			isa = XCConfigurationList;
			buildConfigurations = (
				CEB2F1042C2984450090760D /* Debug */,
				CEB2F1052C2984450090760D /* Release */,
			);
			defaultConfigurationIsVisible = 0;
			defaultConfigurationName = Release;
		};
		CEB2F1062C2984450090760D /* Build configuration list for PBXNativeTarget "FinalProject" */ = {
			isa = XCConfigurationList;
			buildConfigurations = (
				CEB2F1072C2984450090760D /* Debug */,
				CEB2F1082C2984450090760D /* Release */,
			);
			defaultConfigurationIsVisible = 0;
			defaultConfigurationName = Release;
		};
/* End XCConfigurationList section */

/* Begin XCRemoteSwiftPackageReference section */
		CE7384A02C2BF3D400B08C01 /* XCRemoteSwiftPackageReference "firebase-ios-sdk" */ = {
			isa = XCRemoteSwiftPackageReference;
			repositoryURL = "https://github.com/firebase/firebase-ios-sdk";
			requirement = {
				kind = upToNextMajorVersion;
				minimumVersion = 10.28.1;
			};
		};
/* End XCRemoteSwiftPackageReference section */

/* Begin XCSwiftPackageProductDependency section */
		CE7384A62C2BF7FC00B08C01 /* FirebaseAnalytics */ = {
			isa = XCSwiftPackageProductDependency;
			package = CE7384A02C2BF3D400B08C01 /* XCRemoteSwiftPackageReference "firebase-ios-sdk" */;
			productName = FirebaseAnalytics;
		};
		CE7384A82C2BF81F00B08C01 /* FirebaseAnalyticsWithoutAdIdSupport */ = {
			isa = XCSwiftPackageProductDependency;
			package = CE7384A02C2BF3D400B08C01 /* XCRemoteSwiftPackageReference "firebase-ios-sdk" */;
			productName = FirebaseAnalyticsWithoutAdIdSupport;
		};
		CE7384B32C2C053A00B08C01 /* FirebaseAuth */ = {
			isa = XCSwiftPackageProductDependency;
			package = CE7384A02C2BF3D400B08C01 /* XCRemoteSwiftPackageReference "firebase-ios-sdk" */;
			productName = FirebaseAuth;
		};
		CEE438842C32934700269D56 /* FirebaseStorage */ = {
			isa = XCSwiftPackageProductDependency;
			package = CE7384A02C2BF3D400B08C01 /* XCRemoteSwiftPackageReference "firebase-ios-sdk" */;
			productName = FirebaseStorage;
		};
		CEE438862C32D86D00269D56 /* FirebaseFirestore */ = {
			isa = XCSwiftPackageProductDependency;
			package = CE7384A02C2BF3D400B08C01 /* XCRemoteSwiftPackageReference "firebase-ios-sdk" */;
			productName = FirebaseFirestore;
		};
/* End XCSwiftPackageProductDependency section */
	};
	rootObject = CEB2F0F02C2984440090760D /* Project object */;
}
